
Microsoft Visual Studio Solution File, Format Version 12.00
Project("{FAE04EC0-301F-11D3-BF4B-00C04F79EFBC}") = "MyfirstconsoleAPP", "MyfirstconsoleAPP.csproj", "{0101B6B8-49CD-43A7-B746-818CF21E7496}"
EndProject
Global
	GlobalSection(SolutionConfigurationPlatforms) = preSolution
		Debug|Any CPU = Debug|Any CPU
		Release|Any CPU = Release|Any CPU
	EndGlobalSection
	GlobalSection(ProjectConfigurationPlatforms) = postSolution
		{0101B6B8-49CD-43A7-B746-818CF21E7496}.Debug|Any CPU.ActiveCfg = Debug|Any CPU
		{0101B6B8-49CD-43A7-B746-818CF21E7496}.Debug|Any CPU.Build.0 = Debug|Any CPU
		{0101B6B8-49CD-43A7-B746-818CF21E7496}.Release|Any CPU.ActiveCfg = Release|Any CPU
		{0101B6B8-49CD-43A7-B746-818CF21E7496}.Release|Any CPU.Build.0 = Release|Any CPU
	EndGlobalSection
EndGlobal
